
Microsoft Visual Studio Solution File, Format Version 12.00
# Visual Studio Version 16
VisualStudioVersion = 16.0.28606.126
MinimumVisualStudioVersion = 10.0.40219.1
Project("{FAE04EC0-301F-11D3-BF4B-00C04F79EFBC}") = "bootatrap", "bootatrap\bootatrap.csproj", "{C15FCFAB-2442-4FC0-B6A6-67C6C285F8C3}"
EndProject
Global
	GlobalSection(SolutionConfigurationPlatforms) = preSolution
		Debug|Any CPU = Debug|Any CPU
		Release|Any CPU = Release|Any CPU
	EndGlobalSection
	GlobalSection(ProjectConfigurationPlatforms) = postSolution
		{C15FCFAB-2442-4FC0-B6A6-67C6C285F8C3}.Debug|Any CPU.ActiveCfg = Debug|Any CPU
		{C15FCFAB-2442-4FC0-B6A6-67C6C285F8C3}.Debug|Any CPU.Build.0 = Debug|Any CPU
		{C15FCFAB-2442-4FC0-B6A6-67C6C285F8C3}.Release|Any CPU.ActiveCfg = Release|Any CPU
		{C15FCFAB-2442-4FC0-B6A6-67C6C285F8C3}.Release|Any CPU.Build.0 = Release|Any CPU
	EndGlobalSection
	GlobalSection(SolutionProperties) = preSolution
		HideSolutionNode = FALSE
	EndGlobalSection
	GlobalSection(ExtensibilityGlobals) = postSolution
		SolutionGuid = {820302C9-CCE8-4E83-BDD6-D1AE5B73BC45}
	EndGlobalSection
EndGlobal
